// !$*UTF8*$!
{
	archiveVersion = 1;
	classes = {
	};
	objectVersion = 46;
	objects = {

/* Begin PBXBuildFile section */
		A8451A211EC8F4BB003FE223 /* main.m in Sources */ = {isa = PBXBuildFile; fileRef = A8451A201EC8F4BB003FE223 /* main.m */; };
		A8451A241EC8F4BB003FE223 /* AppDelegate.m in Sources */ = {isa = PBXBuildFile; fileRef = A8451A231EC8F4BB003FE223 /* AppDelegate.m */; };
		A8451A271EC8F4BB003FE223 /* ViewController.m in Sources */ = {isa = PBXBuildFile; fileRef = A8451A261EC8F4BB003FE223 /* ViewController.m */; };
		A8451A2A1EC8F4BB003FE223 /* Main.storyboard in Resources */ = {isa = PBXBuildFile; fileRef = A8451A281EC8F4BB003FE223 /* Main.storyboard */; };
		A8451A2C1EC8F4BB003FE223 /* Assets.xcassets in Resources */ = {isa = PBXBuildFile; fileRef = A8451A2B1EC8F4BB003FE223 /* Assets.xcassets */; };
		A8451A2F1EC8F4BB003FE223 /* LaunchScreen.storyboard in Resources */ = {isa = PBXBuildFile; fileRef = A8451A2D1EC8F4BB003FE223 /* LaunchScreen.storyboard */; };
		A8451A381EC8F4DD003FE223 /* Movie.m in Sources */ = {isa = PBXBuildFile; fileRef = A8451A371EC8F4DD003FE223 /* Movie.m */; };
		A8451A411EC90ED1003FE223 /* bg-iphone4.png in Resources */ = {isa = PBXBuildFile; fileRef = A8451A3D1EC90ED1003FE223 /* bg-iphone4.png */; };
		A8451A421EC90ED1003FE223 /* bg-iphone5.png in Resources */ = {isa = PBXBuildFile; fileRef = A8451A3E1EC90ED1003FE223 /* bg-iphone5.png */; };
		A8451A431EC90ED1003FE223 /* bg-iphone6.png in Resources */ = {isa = PBXBuildFile; fileRef = A8451A3F1EC90ED1003FE223 /* bg-iphone6.png */; };
		A8451A441EC90ED1003FE223 /* bg-iphone6plus.png in Resources */ = {isa = PBXBuildFile; fileRef = A8451A401EC90ED1003FE223 /* bg-iphone6plus.png */; };
		A8451A461EC90F02003FE223 /* iTunesArtwork.png in Resources */ = {isa = PBXBuildFile; fileRef = A8451A451EC90F02003FE223 /* iTunesArtwork.png */; };
		A8451A491EC93B22003FE223 /* HomeScreen.m in Sources */ = {isa = PBXBuildFile; fileRef = A8451A481EC93B22003FE223 /* HomeScreen.m */; };
		A8451A4F1EC9EAF9003FE223 /* GenreCell.m in Sources */ = {isa = PBXBuildFile; fileRef = A8451A4E1EC9EAF9003FE223 /* GenreCell.m */; };
		A8451A521EC9EB0C003FE223 /* MovieCell.m in Sources */ = {isa = PBXBuildFile; fileRef = A8451A511EC9EB0C003FE223 /* MovieCell.m */; };
		A8451A551EC9EB5F003FE223 /* SelectionViewController.m in Sources */ = {isa = PBXBuildFile; fileRef = A8451A541EC9EB5F003FE223 /* SelectionViewController.m */; };
		A8451A581ECA287E003FE223 /* MDBClient.m in Sources */ = {isa = PBXBuildFile; fileRef = A8451A571ECA287E003FE223 /* MDBClient.m */; };
		A8B038491ECD3EC400290BA6 /* MDBEndpoint.m in Sources */ = {isa = PBXBuildFile; fileRef = A8B038481ECD3EC400290BA6 /* MDBEndpoint.m */; };
		A8B038501ECE44D400290BA6 /* bubble-empty.png in Resources */ = {isa = PBXBuildFile; fileRef = A8B0384A1ECE44D400290BA6 /* bubble-empty.png */; };
		A8B038511ECE44D400290BA6 /* bubble-empty@2x.png in Resources */ = {isa = PBXBuildFile; fileRef = A8B0384B1ECE44D400290BA6 /* bubble-empty@2x.png */; };
		A8B038521ECE44D400290BA6 /* bubble-empty@3x.png in Resources */ = {isa = PBXBuildFile; fileRef = A8B0384C1ECE44D400290BA6 /* bubble-empty@3x.png */; };
		A8B038531ECE44D400290BA6 /* bubble-selected.png in Resources */ = {isa = PBXBuildFile; fileRef = A8B0384D1ECE44D400290BA6 /* bubble-selected.png */; };
		A8B038541ECE44D400290BA6 /* bubble-selected@2x.png in Resources */ = {isa = PBXBuildFile; fileRef = A8B0384E1ECE44D400290BA6 /* bubble-selected@2x.png */; };
		A8B038551ECE44D400290BA6 /* bubble-selected@3x.png in Resources */ = {isa = PBXBuildFile; fileRef = A8B0384F1ECE44D400290BA6 /* bubble-selected@3x.png */; };
		A8B038581ECFBF6500290BA6 /* MDBMovieSuggestionsCompiler.m in Sources */ = {isa = PBXBuildFile; fileRef = A8B038571ECFBF6500290BA6 /* MDBMovieSuggestionsCompiler.m */; };
/* End PBXBuildFile section */

/* Begin PBXFileReference section */
		A8451A1C1EC8F4BB003FE223 /* Movie Night.app */ = {isa = PBXFileReference; explicitFileType = wrapper.application; includeInIndex = 0; path = "Movie Night.app"; sourceTree = BUILT_PRODUCTS_DIR; };
		A8451A201EC8F4BB003FE223 /* main.m */ = {isa = PBXFileReference; lastKnownFileType = sourcecode.c.objc; path = main.m; sourceTree = "<group>"; };
		A8451A221EC8F4BB003FE223 /* AppDelegate.h */ = {isa = PBXFileReference; lastKnownFileType = sourcecode.c.h; path = AppDelegate.h; sourceTree = "<group>"; };
		A8451A231EC8F4BB003FE223 /* AppDelegate.m */ = {isa = PBXFileReference; lastKnownFileType = sourcecode.c.objc; path = AppDelegate.m; sourceTree = "<group>"; };
		A8451A251EC8F4BB003FE223 /* ViewController.h */ = {isa = PBXFileReference; lastKnownFileType = sourcecode.c.h; path = ViewController.h; sourceTree = "<group>"; };
		A8451A261EC8F4BB003FE223 /* ViewController.m */ = {isa = PBXFileReference; lastKnownFileType = sourcecode.c.objc; path = ViewController.m; sourceTree = "<group>"; };
		A8451A291EC8F4BB003FE223 /* Base */ = {isa = PBXFileReference; lastKnownFileType = file.storyboard; name = Base; path = Base.lproj/Main.storyboard; sourceTree = "<group>"; };
		A8451A2B1EC8F4BB003FE223 /* Assets.xcassets */ = {isa = PBXFileReference; lastKnownFileType = folder.assetcatalog; path = Assets.xcassets; sourceTree = "<group>"; };
		A8451A2E1EC8F4BB003FE223 /* Base */ = {isa = PBXFileReference; lastKnownFileType = file.storyboard; name = Base; path = Base.lproj/LaunchScreen.storyboard; sourceTree = "<group>"; };
		A8451A301EC8F4BB003FE223 /* Info.plist */ = {isa = PBXFileReference; lastKnownFileType = text.plist.xml; path = Info.plist; sourceTree = "<group>"; };
		A8451A361EC8F4DD003FE223 /* Movie.h */ = {isa = PBXFileReference; fileEncoding = 4; lastKnownFileType = sourcecode.c.h; name = Movie.h; path = ../Movie.h; sourceTree = "<group>"; };
		A8451A371EC8F4DD003FE223 /* Movie.m */ = {isa = PBXFileReference; fileEncoding = 4; lastKnownFileType = sourcecode.c.objc; name = Movie.m; path = ../Movie.m; sourceTree = "<group>"; };
		A8451A3D1EC90ED1003FE223 /* bg-iphone4.png */ = {isa = PBXFileReference; lastKnownFileType = image.png; path = "bg-iphone4.png"; sourceTree = "<group>"; };
		A8451A3E1EC90ED1003FE223 /* bg-iphone5.png */ = {isa = PBXFileReference; lastKnownFileType = image.png; path = "bg-iphone5.png"; sourceTree = "<group>"; };
		A8451A3F1EC90ED1003FE223 /* bg-iphone6.png */ = {isa = PBXFileReference; lastKnownFileType = image.png; path = "bg-iphone6.png"; sourceTree = "<group>"; };
		A8451A401EC90ED1003FE223 /* bg-iphone6plus.png */ = {isa = PBXFileReference; lastKnownFileType = image.png; path = "bg-iphone6plus.png"; sourceTree = "<group>"; };
		A8451A451EC90F02003FE223 /* iTunesArtwork.png */ = {isa = PBXFileReference; lastKnownFileType = image.png; path = iTunesArtwork.png; sourceTree = "<group>"; };
		A8451A471EC93B22003FE223 /* HomeScreen.h */ = {isa = PBXFileReference; fileEncoding = 4; lastKnownFileType = sourcecode.c.h; path = HomeScreen.h; sourceTree = "<group>"; };
		A8451A481EC93B22003FE223 /* HomeScreen.m */ = {isa = PBXFileReference; fileEncoding = 4; lastKnownFileType = sourcecode.c.objc; path = HomeScreen.m; sourceTree = "<group>"; };
		A8451A4A1EC9DA9E003FE223 /* JSONDecodable.h */ = {isa = PBXFileReference; fileEncoding = 4; lastKnownFileType = sourcecode.c.h; name = JSONDecodable.h; path = ../JSONDecodable.h; sourceTree = "<group>"; };
		A8451A4C1EC9DB88003FE223 /* ApiClient.h */ = {isa = PBXFileReference; fileEncoding = 4; lastKnownFileType = sourcecode.c.h; name = ApiClient.h; path = ../ApiClient.h; sourceTree = "<group>"; };
		A8451A4D1EC9EAF9003FE223 /* GenreCell.h */ = {isa = PBXFileReference; fileEncoding = 4; lastKnownFileType = sourcecode.c.h; name = GenreCell.h; path = ../GenreCell.h; sourceTree = "<group>"; };
		A8451A4E1EC9EAF9003FE223 /* GenreCell.m */ = {isa = PBXFileReference; fileEncoding = 4; lastKnownFileType = sourcecode.c.objc; name = GenreCell.m; path = ../GenreCell.m; sourceTree = "<group>"; };
		A8451A501EC9EB0C003FE223 /* MovieCell.h */ = {isa = PBXFileReference; fileEncoding = 4; lastKnownFileType = sourcecode.c.h; name = MovieCell.h; path = ../MovieCell.h; sourceTree = "<group>"; };
		A8451A511EC9EB0C003FE223 /* MovieCell.m */ = {isa = PBXFileReference; fileEncoding = 4; lastKnownFileType = sourcecode.c.objc; name = MovieCell.m; path = ../MovieCell.m; sourceTree = "<group>"; };
		A8451A531EC9EB5F003FE223 /* SelectionViewController.h */ = {isa = PBXFileReference; fileEncoding = 4; lastKnownFileType = sourcecode.c.h; path = SelectionViewController.h; sourceTree = "<group>"; };
		A8451A541EC9EB5F003FE223 /* SelectionViewController.m */ = {isa = PBXFileReference; fileEncoding = 4; lastKnownFileType = sourcecode.c.objc; path = SelectionViewController.m; sourceTree = "<group>"; };
		A8451A561ECA287E003FE223 /* MDBClient.h */ = {isa = PBXFileReference; fileEncoding = 4; lastKnownFileType = sourcecode.c.h; path = MDBClient.h; sourceTree = "<group>"; };
		A8451A571ECA287E003FE223 /* MDBClient.m */ = {isa = PBXFileReference; fileEncoding = 4; lastKnownFileType = sourcecode.c.objc; path = MDBClient.m; sourceTree = "<group>"; };
		A8B038471ECD3EC400290BA6 /* MDBEndpoint.h */ = {isa = PBXFileReference; fileEncoding = 4; lastKnownFileType = sourcecode.c.h; path = MDBEndpoint.h; sourceTree = "<group>"; };
		A8B038481ECD3EC400290BA6 /* MDBEndpoint.m */ = {isa = PBXFileReference; fileEncoding = 4; lastKnownFileType = sourcecode.c.objc; path = MDBEndpoint.m; sourceTree = "<group>"; };
		A8B0384A1ECE44D400290BA6 /* bubble-empty.png */ = {isa = PBXFileReference; lastKnownFileType = image.png; path = "bubble-empty.png"; sourceTree = "<group>"; };
		A8B0384B1ECE44D400290BA6 /* bubble-empty@2x.png */ = {isa = PBXFileReference; lastKnownFileType = image.png; path = "bubble-empty@2x.png"; sourceTree = "<group>"; };
		A8B0384C1ECE44D400290BA6 /* bubble-empty@3x.png */ = {isa = PBXFileReference; lastKnownFileType = image.png; path = "bubble-empty@3x.png"; sourceTree = "<group>"; };
		A8B0384D1ECE44D400290BA6 /* bubble-selected.png */ = {isa = PBXFileReference; lastKnownFileType = image.png; path = "bubble-selected.png"; sourceTree = "<group>"; };
		A8B0384E1ECE44D400290BA6 /* bubble-selected@2x.png */ = {isa = PBXFileReference; lastKnownFileType = image.png; path = "bubble-selected@2x.png"; sourceTree = "<group>"; };
		A8B0384F1ECE44D400290BA6 /* bubble-selected@3x.png */ = {isa = PBXFileReference; lastKnownFileType = image.png; path = "bubble-selected@3x.png"; sourceTree = "<group>"; };
		A8B038561ECFBF6500290BA6 /* MDBMovieSuggestionsCompiler.h */ = {isa = PBXFileReference; fileEncoding = 4; lastKnownFileType = sourcecode.c.h; path = MDBMovieSuggestionsCompiler.h; sourceTree = "<group>"; };
		A8B038571ECFBF6500290BA6 /* MDBMovieSuggestionsCompiler.m */ = {isa = PBXFileReference; fileEncoding = 4; lastKnownFileType = sourcecode.c.objc; path = MDBMovieSuggestionsCompiler.m; sourceTree = "<group>"; };
/* End PBXFileReference section */

/* Begin PBXFrameworksBuildPhase section */
		A8451A191EC8F4BB003FE223 /* Frameworks */ = {
			isa = PBXFrameworksBuildPhase;
			buildActionMask = 2147483647;
			files = (
			);
			runOnlyForDeploymentPostprocessing = 0;
		};
/* End PBXFrameworksBuildPhase section */

/* Begin PBXGroup section */
		A8451A131EC8F4BB003FE223 = {
			isa = PBXGroup;
			children = (
				A8451A1E1EC8F4BB003FE223 /* Movie Night */,
				A8451A1D1EC8F4BB003FE223 /* Products */,
			);
			sourceTree = "<group>";
		};
		A8451A1D1EC8F4BB003FE223 /* Products */ = {
			isa = PBXGroup;
			children = (
				A8451A1C1EC8F4BB003FE223 /* Movie Night.app */,
			);
			name = Products;
			sourceTree = "<group>";
		};
		A8451A1E1EC8F4BB003FE223 /* Movie Night */ = {
			isa = PBXGroup;
			children = (
				A8451A3C1EC90EA3003FE223 /* pictures */,
				A8451A221EC8F4BB003FE223 /* AppDelegate.h */,
				A8451A231EC8F4BB003FE223 /* AppDelegate.m */,
				A8451A251EC8F4BB003FE223 /* ViewController.h */,
				A8451A261EC8F4BB003FE223 /* ViewController.m */,
				A8451A471EC93B22003FE223 /* HomeScreen.h */,
				A8451A481EC93B22003FE223 /* HomeScreen.m */,
				A8451A531EC9EB5F003FE223 /* SelectionViewController.h */,
				A8451A541EC9EB5F003FE223 /* SelectionViewController.m */,
				A8451A4D1EC9EAF9003FE223 /* GenreCell.h */,
				A8451A4E1EC9EAF9003FE223 /* GenreCell.m */,
				A8451A501EC9EB0C003FE223 /* MovieCell.h */,
				A8451A511EC9EB0C003FE223 /* MovieCell.m */,
				A8451A361EC8F4DD003FE223 /* Movie.h */,
				A8451A371EC8F4DD003FE223 /* Movie.m */,
				A8451A4A1EC9DA9E003FE223 /* JSONDecodable.h */,
				A8451A4C1EC9DB88003FE223 /* ApiClient.h */,
				A8451A561ECA287E003FE223 /* MDBClient.h */,
				A8451A571ECA287E003FE223 /* MDBClient.m */,
				A8B038471ECD3EC400290BA6 /* MDBEndpoint.h */,
				A8B038481ECD3EC400290BA6 /* MDBEndpoint.m */,
				A8B038561ECFBF6500290BA6 /* MDBMovieSuggestionsCompiler.h */,
				A8B038571ECFBF6500290BA6 /* MDBMovieSuggestionsCompiler.m */,
				A8451A281EC8F4BB003FE223 /* Main.storyboard */,
				A8451A2B1EC8F4BB003FE223 /* Assets.xcassets */,
				A8451A451EC90F02003FE223 /* iTunesArtwork.png */,
				A8451A2D1EC8F4BB003FE223 /* LaunchScreen.storyboard */,
				A8451A301EC8F4BB003FE223 /* Info.plist */,
				A8451A1F1EC8F4BB003FE223 /* Supporting Files */,
			);
			path = "Movie Night";
			sourceTree = "<group>";
		};
		A8451A1F1EC8F4BB003FE223 /* Supporting Files */ = {
			isa = PBXGroup;
			children = (
				A8451A201EC8F4BB003FE223 /* main.m */,
			);
			name = "Supporting Files";
			sourceTree = "<group>";
		};
		A8451A3C1EC90EA3003FE223 /* pictures */ = {
			isa = PBXGroup;
			children = (
				A8B0384A1ECE44D400290BA6 /* bubble-empty.png */,
				A8B0384B1ECE44D400290BA6 /* bubble-empty@2x.png */,
				A8B0384C1ECE44D400290BA6 /* bubble-empty@3x.png */,
				A8B0384D1ECE44D400290BA6 /* bubble-selected.png */,
				A8B0384E1ECE44D400290BA6 /* bubble-selected@2x.png */,
				A8B0384F1ECE44D400290BA6 /* bubble-selected@3x.png */,
				A8451A3D1EC90ED1003FE223 /* bg-iphone4.png */,
				A8451A3E1EC90ED1003FE223 /* bg-iphone5.png */,
				A8451A3F1EC90ED1003FE223 /* bg-iphone6.png */,
				A8451A401EC90ED1003FE223 /* bg-iphone6plus.png */,
			);
			name = pictures;
			sourceTree = "<group>";
		};
/* End PBXGroup section */

/* Begin PBXNativeTarget section */
		A8451A1B1EC8F4BB003FE223 /* Movie Night */ = {
			isa = PBXNativeTarget;
			buildConfigurationList = A8451A331EC8F4BB003FE223 /* Build configuration list for PBXNativeTarget "Movie Night" */;
			buildPhases = (
				A8451A181EC8F4BB003FE223 /* Sources */,
				A8451A191EC8F4BB003FE223 /* Frameworks */,
				A8451A1A1EC8F4BB003FE223 /* Resources */,
			);
			buildRules = (
			);
			dependencies = (
			);
			name = "Movie Night";
			productName = "Movie Night";
			productReference = A8451A1C1EC8F4BB003FE223 /* Movie Night.app */;
			productType = "com.apple.product-type.application";
		};
/* End PBXNativeTarget section */

/* Begin PBXProject section */
		A8451A141EC8F4BB003FE223 /* Project object */ = {
			isa = PBXProject;
			attributes = {
				LastUpgradeCheck = 0830;
				ORGANIZATIONNAME = "Jevaughn McKenzie";
				TargetAttributes = {
					A8451A1B1EC8F4BB003FE223 = {
						CreatedOnToolsVersion = 8.3.2;
						ProvisioningStyle = Automatic;
					};
				};
			};
			buildConfigurationList = A8451A171EC8F4BB003FE223 /* Build configuration list for PBXProject "Movie Night" */;
			compatibilityVersion = "Xcode 3.2";
			developmentRegion = English;
			hasScannedForEncodings = 0;
			knownRegions = (
				en,
				Base,
			);
			mainGroup = A8451A131EC8F4BB003FE223;
			productRefGroup = A8451A1D1EC8F4BB003FE223 /* Products */;
			projectDirPath = "";
			projectRoot = "";
			targets = (
				A8451A1B1EC8F4BB003FE223 /* Movie Night */,
			);
		};
/* End PBXProject section */

/* Begin PBXResourcesBuildPhase section */
		A8451A1A1EC8F4BB003FE223 /* Resources */ = {
			isa = PBXResourcesBuildPhase;
			buildActionMask = 2147483647;
			files = (
				A8B038501ECE44D400290BA6 /* bubble-empty.png in Resources */,
				A8451A431EC90ED1003FE223 /* bg-iphone6.png in Resources */,
				A8B038511ECE44D400290BA6 /* bubble-empty@2x.png in Resources */,
				A8451A421EC90ED1003FE223 /* bg-iphone5.png in Resources */,
				A8B038531ECE44D400290BA6 /* bubble-selected.png in Resources */,
				A8451A441EC90ED1003FE223 /* bg-iphone6plus.png in Resources */,
				A8B038551ECE44D400290BA6 /* bubble-selected@3x.png in Resources */,
				A8B038521ECE44D400290BA6 /* bubble-empty@3x.png in Resources */,
				A8451A2F1EC8F4BB003FE223 /* LaunchScreen.storyboard in Resources */,
				A8451A2C1EC8F4BB003FE223 /* Assets.xcassets in Resources */,
				A8451A411EC90ED1003FE223 /* bg-iphone4.png in Resources */,
				A8B038541ECE44D400290BA6 /* bubble-selected@2x.png in Resources */,
				A8451A461EC90F02003FE223 /* iTunesArtwork.png in Resources */,
				A8451A2A1EC8F4BB003FE223 /* Main.storyboard in Resources */,
			);
			runOnlyForDeploymentPostprocessing = 0;
		};
/* End PBXResourcesBuildPhase section */

/* Begin PBXSourcesBuildPhase section */
		A8451A181EC8F4BB003FE223 /* Sources */ = {
			isa = PBXSourcesBuildPhase;
			buildActionMask = 2147483647;
			files = (
				A8B038491ECD3EC400290BA6 /* MDBEndpoint.m in Sources */,
				A8451A271EC8F4BB003FE223 /* ViewController.m in Sources */,
				A8451A581ECA287E003FE223 /* MDBClient.m in Sources */,
				A8451A551EC9EB5F003FE223 /* SelectionViewController.m in Sources */,
				A8451A241EC8F4BB003FE223 /* AppDelegate.m in Sources */,
				A8B038581ECFBF6500290BA6 /* MDBMovieSuggestionsCompiler.m in Sources */,
				A8451A381EC8F4DD003FE223 /* Movie.m in Sources */,
				A8451A521EC9EB0C003FE223 /* MovieCell.m in Sources */,
				A8451A4F1EC9EAF9003FE223 /* GenreCell.m in Sources */,
				A8451A491EC93B22003FE223 /* HomeScreen.m in Sources */,
				A8451A211EC8F4BB003FE223 /* main.m in Sources */,
			);
			runOnlyForDeploymentPostprocessing = 0;
		};
/* End PBXSourcesBuildPhase section */

/* Begin PBXVariantGroup section */
		A8451A281EC8F4BB003FE223 /* Main.storyboard */ = {
			isa = PBXVariantGroup;
			children = (
				A8451A291EC8F4BB003FE223 /* Base */,
			);
			name = Main.storyboard;
			sourceTree = "<group>";
		};
		A8451A2D1EC8F4BB003FE223 /* LaunchScreen.storyboard */ = {
			isa = PBXVariantGroup;
			children = (
				A8451A2E1EC8F4BB003FE223 /* Base */,
			);
			name = LaunchScreen.storyboard;
			sourceTree = "<group>";
		};
/* End PBXVariantGroup section */

/* Begin XCBuildConfiguration section */
		A8451A311EC8F4BB003FE223 /* Debug */ = {
			isa = XCBuildConfiguration;
			buildSettings = {
				ALWAYS_SEARCH_USER_PATHS = NO;
				CLANG_ANALYZER_NONNULL = YES;
				CLANG_ANALYZER_NUMBER_OBJECT_CONVERSION = YES_AGGRESSIVE;
				CLANG_CXX_LANGUAGE_STANDARD = "gnu++0x";
				CLANG_CXX_LIBRARY = "libc++";
				CLANG_ENABLE_MODULES = YES;
				CLANG_ENABLE_OBJC_ARC = YES;
				CLANG_WARN_BOOL_CONVERSION = YES;
				CLANG_WARN_CONSTANT_CONVERSION = YES;
				CLANG_WARN_DIRECT_OBJC_ISA_USAGE = YES_ERROR;
				CLANG_WARN_DOCUMENTATION_COMMENTS = YES;
				CLANG_WARN_EMPTY_BODY = YES;
				CLANG_WARN_ENUM_CONVERSION = YES;
				CLANG_WARN_INFINITE_RECURSION = YES;
				CLANG_WARN_INT_CONVERSION = YES;
				CLANG_WARN_OBJC_ROOT_CLASS = YES_ERROR;
				CLANG_WARN_SUSPICIOUS_MOVE = YES;
				CLANG_WARN_UNREACHABLE_CODE = YES;
				CLANG_WARN__DUPLICATE_METHOD_MATCH = YES;
				"CODE_SIGN_IDENTITY[sdk=iphoneos*]" = "iPhone Developer";
				COPY_PHASE_STRIP = NO;
				DEBUG_INFORMATION_FORMAT = dwarf;
				ENABLE_STRICT_OBJC_MSGSEND = YES;
				ENABLE_TESTABILITY = YES;
				GCC_C_LANGUAGE_STANDARD = gnu99;
				GCC_DYNAMIC_NO_PIC = NO;
				GCC_NO_COMMON_BLOCKS = YES;
				GCC_OPTIMIZATION_LEVEL = 0;
				GCC_PREPROCESSOR_DEFINITIONS = (
					"DEBUG=1",
					"$(inherited)",
				);
				GCC_WARN_64_TO_32_BIT_CONVERSION = YES;
				GCC_WARN_ABOUT_RETURN_TYPE = YES_ERROR;
				GCC_WARN_UNDECLARED_SELECTOR = YES;
				GCC_WARN_UNINITIALIZED_AUTOS = YES_AGGRESSIVE;
				GCC_WARN_UNUSED_FUNCTION = YES;
				GCC_WARN_UNUSED_VARIABLE = YES;
				IPHONEOS_DEPLOYMENT_TARGET = 10.3;
				MTL_ENABLE_DEBUG_INFO = YES;
				ONLY_ACTIVE_ARCH = YES;
				SDKROOT = iphoneos;
			};
			name = Debug;
		};
		A8451A321EC8F4BB003FE223 /* Release */ = {
			isa = XCBuildConfiguration;
			buildSettings = {
				ALWAYS_SEARCH_USER_PATHS = NO;
				CLANG_ANALYZER_NONNULL = YES;
				CLANG_ANALYZER_NUMBER_OBJECT_CONVERSION = YES_AGGRESSIVE;
				CLANG_CXX_LANGUAGE_STANDARD = "gnu++0x";
				CLANG_CXX_LIBRARY = "libc++";
				CLANG_ENABLE_MODULES = YES;
				CLANG_ENABLE_OBJC_ARC = YES;
				CLANG_WARN_BOOL_CONVERSION = YES;
				CLANG_WARN_CONSTANT_CONVERSION = YES;
				CLANG_WARN_DIRECT_OBJC_ISA_USAGE = YES_ERROR;
				CLANG_WARN_DOCUMENTATION_COMMENTS = YES;
				CLANG_WARN_EMPTY_BODY = YES;
				CLANG_WARN_ENUM_CONVERSION = YES;
				CLANG_WARN_INFINITE_RECURSION = YES;
				CLANG_WARN_INT_CONVERSION = YES;
				CLANG_WARN_OBJC_ROOT_CLASS = YES_ERROR;
				CLANG_WARN_SUSPICIOUS_MOVE = YES;
				CLANG_WARN_UNREACHABLE_CODE = YES;
				CLANG_WARN__DUPLICATE_METHOD_MATCH = YES;
				"CODE_SIGN_IDENTITY[sdk=iphoneos*]" = "iPhone Developer";
				COPY_PHASE_STRIP = NO;
				DEBUG_INFORMATION_FORMAT = "dwarf-with-dsym";
				ENABLE_NS_ASSERTIONS = NO;
				ENABLE_STRICT_OBJC_MSGSEND = YES;
				GCC_C_LANGUAGE_STANDARD = gnu99;
				GCC_NO_COMMON_BLOCKS = YES;
				GCC_WARN_64_TO_32_BIT_CONVERSION = YES;
				GCC_WARN_ABOUT_RETURN_TYPE = YES_ERROR;
				GCC_WARN_UNDECLARED_SELECTOR = YES;
				GCC_WARN_UNINITIALIZED_AUTOS = YES_AGGRESSIVE;
				GCC_WARN_UNUSED_FUNCTION = YES;
				GCC_WARN_UNUSED_VARIABLE = YES;
				IPHONEOS_DEPLOYMENT_TARGET = 10.3;
				MTL_ENABLE_DEBUG_INFO = NO;
				SDKROOT = iphoneos;
				VALIDATE_PRODUCT = YES;
			};
			name = Release;
		};
		A8451A341EC8F4BB003FE223 /* Debug */ = {
			isa = XCBuildConfiguration;
			buildSettings = {
				ASSETCATALOG_COMPILER_APPICON_NAME = AppIcon;
				INFOPLIST_FILE = "Movie Night/Info.plist";
				LD_RUNPATH_SEARCH_PATHS = "$(inherited) @executable_path/Frameworks";
				PRODUCT_BUNDLE_IDENTIFIER = "com.jevaughnmckenzie.Movie-Night";
				PRODUCT_NAME = "$(TARGET_NAME)";
			};
			name = Debug;
		};
		A8451A351EC8F4BB003FE223 /* Release */ = {
			isa = XCBuildConfiguration;
			buildSettings = {
				ASSETCATALOG_COMPILER_APPICON_NAME = AppIcon;
				INFOPLIST_FILE = "Movie Night/Info.plist";
				LD_RUNPATH_SEARCH_PATHS = "$(inherited) @executable_path/Frameworks";
				PRODUCT_BUNDLE_IDENTIFIER = "com.jevaughnmckenzie.Movie-Night";
				PRODUCT_NAME = "$(TARGET_NAME)";
			};
			name = Release;
		};
/* End XCBuildConfiguration section */

/* Begin XCConfigurationList section */
		A8451A171EC8F4BB003FE223 /* Build configuration list for PBXProject "Movie Night" */ = {
			isa = XCConfigurationList;
			buildConfigurations = (
				A8451A311EC8F4BB003FE223 /* Debug */,
				A8451A321EC8F4BB003FE223 /* Release */,
			);
			defaultConfigurationIsVisible = 0;
			defaultConfigurationName = Release;
		};
		A8451A331EC8F4BB003FE223 /* Build configuration list for PBXNativeTarget "Movie Night" */ = {
			isa = XCConfigurationList;
			buildConfigurations = (
				A8451A341EC8F4BB003FE223 /* Debug */,
				A8451A351EC8F4BB003FE223 /* Release */,
			);
			defaultConfigurationIsVisible = 0;
			defaultConfigurationName = Release;
		};
/* End XCConfigurationList section */
	};
	rootObject = A8451A141EC8F4BB003FE223 /* Project object */;
}
